# This file is automatically @generated by Cargo.
# It is not intended for manual editing.
version = 4

[[package]]
name = "clutch-accumulator"
version = "0.1.0"

[[package]]
name = "clutch-batch"
version = "0.1.0"

[[package]]
name = "clutch-kernel"
version = "0.1.0"

[[package]]
name = "clutch-vertical-model"
version = "0.1.0"
dependencies = [
 "clutch-accumulator",
 "clutch-batch",
 "clutch-kernel",
]
