# This file is automatically @generated by Cargo.
# It is not intended for manual editing.
version = 4

[[package]]
name = "dclutch-bearer-v2-contract"
version = "0.1.0"
dependencies = [
 "dclutch-rational-representation-v2-contract",
 "dclutch-rational-representation-v2-kernel",
 "dclutch-token-svm",
]

[[package]]
name = "dclutch-claims-svm"
version = "0.1.0"

[[package]]
name = "dclutch-core-contract"
version = "0.1.0"

[[package]]
name = "dclutch-custody-contract"
version = "0.1.0"
dependencies = [
 "dclutch-release-set-contract",
]

[[package]]
name = "dclutch-rational-representation-v2-contract"
version = "0.1.0"
dependencies = [
 "dclutch-claims-svm",
 "dclutch-custody-contract",
 "dclutch-rational-representation-v2-kernel",
 "dclutch-token-svm",
]

[[package]]
name = "dclutch-rational-representation-v2-kernel"
version = "0.1.0"

[[package]]
name = "dclutch-release-set-contract"
version = "0.1.0"
dependencies = [
 "dclutch-core-contract",
]

[[package]]
name = "dclutch-token-svm"
version = "0.1.0"
