# This file is automatically @generated by Cargo.
# It is not intended for manual editing.
version = 4

[[package]]
name = "dragon-clutch-toolchain-probe"
version = "0.0.0"

[[package]]
name = "dragon-clutch-toolchain-probe-host"
version = "0.0.0"
dependencies = [
 "dragon-clutch-toolchain-probe",
]
