# This file is automatically @generated by Cargo.
# It is not intended for manual editing.
version = 4

[[package]]
name = "dclutch-direct-codec"
version = "0.1.0"

[[package]]
name = "dclutch-direct-translation-validator"
version = "0.1.0"
dependencies = [
 "dclutch-direct-codec",
 "dclutch-transition-vm",
]

[[package]]
name = "dclutch-transition-vm"
version = "0.1.0"
