# This file is automatically @generated by Cargo.
# It is not intended for manual editing.
version = 4

[[package]]
name = "dclutch-rational-representation-v2-kernel"
version = "0.1.0"

[[package]]
name = "dclutch-rational-representation-v2-lifecycle-contract"
version = "0.1.0"
dependencies = [
 "dclutch-rational-representation-v2-kernel",
 "dclutch-token-svm",
]

[[package]]
name = "dclutch-token-svm"
version = "0.1.0"
